
Microsoft Visual Studio Solution File, Format Version 12.00
# Visual Studio Version 17
VisualStudioVersion = 17.0.31903.59
MinimumVisualStudioVersion = 10.0.40219.1
Project("{2150E333-8FDC-42A3-9474-1A3956D46DE8}") = "src", "src", "{827E0CD3-B72D-47B6-A68D-7590B98EB39B}"
EndProject
Project("{FAE04EC0-301F-11D3-BF4B-00C04F79EFBC}") = "FoundryWorkshop.Shared", "src\FoundryWorkshop.Shared\FoundryWorkshop.Shared.csproj", "{3E7FBC36-1EB9-4909-963A-C083F5D8AB39}"
EndProject
Project("{2150E333-8FDC-42A3-9474-1A3956D46DE8}") = "labs", "labs", "{908A2AE8-7277-8D33-5900-B70622523C2F}"
EndProject
Project("{2150E333-8FDC-42A3-9474-1A3956D46DE8}") = "01-first-inference", "01-first-inference", "{576DC559-EDA5-3993-5788-E991EF631C57}"
EndProject
Project("{FAE04EC0-301F-11D3-BF4B-00C04F79EFBC}") = "M01.FirstInference", "labs\01-first-inference\M01.FirstInference.csproj", "{2CEB5F25-59F4-4A77-8C33-20252F93491F}"
EndProject
Project("{2150E333-8FDC-42A3-9474-1A3956D46DE8}") = "02-your-first-agent", "02-your-first-agent", "{1CB6CF2D-B71E-657E-C3E2-AFBF8920E74C}"
EndProject
Project("{FAE04EC0-301F-11D3-BF4B-00C04F79EFBC}") = "M02.YourFirstAgent", "labs\02-your-first-agent\M02.YourFirstAgent.csproj", "{F2AFD27D-4643-4646-87DA-ABB99175E00D}"
EndProject
Project("{2150E333-8FDC-42A3-9474-1A3956D46DE8}") = "03-tools-and-function-calling", "03-tools-and-function-calling", "{22851B21-09C2-AE5E-FADA-8CBE5E619862}"
EndProject
Project("{FAE04EC0-301F-11D3-BF4B-00C04F79EFBC}") = "M03.ToolsAndFunctionCalling", "labs\03-tools-and-function-calling\M03.ToolsAndFunctionCalling.csproj", "{5051C4B5-6119-41F3-9DBF-5BB15501B40B}"
EndProject
Project("{2150E333-8FDC-42A3-9474-1A3956D46DE8}") = "04-grounding-rag", "04-grounding-rag", "{EE69A98B-3A98-4833-49CE-E687E5A0843A}"
EndProject
Project("{FAE04EC0-301F-11D3-BF4B-00C04F79EFBC}") = "M04.GroundingRag", "labs\04-grounding-rag\M04.GroundingRag.csproj", "{961103C0-48C8-47BE-90C1-167A38D15639}"
EndProject
Project("{2150E333-8FDC-42A3-9474-1A3956D46DE8}") = "05-mcp-tools", "05-mcp-tools", "{1503BA62-2A14-D92E-1F03-2054A0DD685E}"
EndProject
Project("{FAE04EC0-301F-11D3-BF4B-00C04F79EFBC}") = "M05.McpTools", "labs\05-mcp-tools\M05.McpTools.csproj", "{F380B05C-C188-44C7-A7DF-5511E1B9CD82}"
EndProject
Project("{2150E333-8FDC-42A3-9474-1A3956D46DE8}") = "05b-work-iq", "05b-work-iq", "{668517B8-68CB-B109-7199-A2941A5356C8}"
EndProject
Project("{FAE04EC0-301F-11D3-BF4B-00C04F79EFBC}") = "M05b.WorkIQ", "labs\05b-work-iq\M05b.WorkIQ.csproj", "{4F1FA63A-EC02-4D1B-835B-148843D42DDE}"
EndProject
Project("{2150E333-8FDC-42A3-9474-1A3956D46DE8}") = "06-agent-memory", "06-agent-memory", "{DB6EECE9-3F6B-D9DC-1C7F-55B4D57B3D56}"
EndProject
Project("{FAE04EC0-301F-11D3-BF4B-00C04F79EFBC}") = "M06.AgentMemory", "labs\06-agent-memory\M06.AgentMemory.csproj", "{E5C3E362-05C4-4EDA-B058-C6F3DAEEE500}"
EndProject
Project("{2150E333-8FDC-42A3-9474-1A3956D46DE8}") = "07-multi-agent-orchestration", "07-multi-agent-orchestration", "{3665D8D6-1C5F-ACD6-E74A-714362DF34FC}"
EndProject
Project("{FAE04EC0-301F-11D3-BF4B-00C04F79EFBC}") = "M07.MultiAgentOrchestration", "labs\07-multi-agent-orchestration\M07.MultiAgentOrchestration.csproj", "{F3F3E77F-0D8F-4578-B082-B6A9D4E43CB9}"
EndProject
Project("{2150E333-8FDC-42A3-9474-1A3956D46DE8}") = "08-deep-research", "08-deep-research", "{3A1B44C2-52BD-E4C4-2FC7-A21D1A40EB76}"
EndProject
Project("{FAE04EC0-301F-11D3-BF4B-00C04F79EFBC}") = "M08.DeepResearch", "labs\08-deep-research\M08.DeepResearch.csproj", "{9DC4C825-4A40-449A-8D0F-58CE5675F9C9}"
EndProject
Project("{2150E333-8FDC-42A3-9474-1A3956D46DE8}") = "09-evaluation", "09-evaluation", "{FFC73069-1485-9257-CFF5-0FC0B68082F2}"
EndProject
Project("{FAE04EC0-301F-11D3-BF4B-00C04F79EFBC}") = "M09.Evaluation", "labs\09-evaluation\M09.Evaluation.csproj", "{63E28B63-B60C-4EB7-9D55-A49C5BD0C3E6}"
EndProject
Project("{2150E333-8FDC-42A3-9474-1A3956D46DE8}") = "10-observability", "10-observability", "{9662457E-6248-34E2-2F24-3B91ECA0CFEB}"
EndProject
Project("{FAE04EC0-301F-11D3-BF4B-00C04F79EFBC}") = "M10.Observability", "labs\10-observability\M10.Observability.csproj", "{1726C3F5-8A17-44A3-B888-32A84D72B6AB}"
EndProject
Project("{2150E333-8FDC-42A3-9474-1A3956D46DE8}") = "11-guardrails", "11-guardrails", "{F9114576-5C93-6793-7325-840970211120}"
EndProject
Project("{FAE04EC0-301F-11D3-BF4B-00C04F79EFBC}") = "M11.Guardrails", "labs\11-guardrails\M11.Guardrails.csproj", "{70A5F050-CE95-4319-B13E-8B45B868E686}"
EndProject
Project("{2150E333-8FDC-42A3-9474-1A3956D46DE8}") = "12-red-teaming", "12-red-teaming", "{AEC358DC-8F6B-5BA6-158B-A2E5B05C0274}"
EndProject
Project("{FAE04EC0-301F-11D3-BF4B-00C04F79EFBC}") = "M12.RedTeaming", "labs\12-red-teaming\M12.RedTeaming.csproj", "{33F3D682-499F-48C3-94FC-58CF67F068EA}"
EndProject
Project("{2150E333-8FDC-42A3-9474-1A3956D46DE8}") = "13-human-in-loop-rest", "13-human-in-loop-rest", "{5CDC27C4-FCB9-8993-846B-26A95C8DAC6A}"
EndProject
Project("{FAE04EC0-301F-11D3-BF4B-00C04F79EFBC}") = "M13.HumanInLoopRest", "labs\13-human-in-loop-rest\M13.HumanInLoopRest.csproj", "{A3EB7386-AC61-4FF6-A246-9B2DB386C1BB}"
EndProject
Project("{2150E333-8FDC-42A3-9474-1A3956D46DE8}") = "14-fine-tuning", "14-fine-tuning", "{323E6AA8-8303-5FC8-0DE6-22B696CD0854}"
EndProject
Project("{FAE04EC0-301F-11D3-BF4B-00C04F79EFBC}") = "M14.FineTuning", "labs\14-fine-tuning\M14.FineTuning.csproj", "{2CCE3DFA-9787-4DC0-A405-98422367F9D5}"
EndProject
Project("{2150E333-8FDC-42A3-9474-1A3956D46DE8}") = "15-capstone", "15-capstone", "{A8116055-3221-E1F4-1F47-46A17D5C3238}"
EndProject
Project("{FAE04EC0-301F-11D3-BF4B-00C04F79EFBC}") = "M15.Capstone", "labs\15-capstone\M15.Capstone.csproj", "{83736DBF-16DD-4457-91AB-2860B12BCBBE}"
EndProject
Global
	GlobalSection(SolutionConfigurationPlatforms) = preSolution
		Debug|Any CPU = Debug|Any CPU
		Debug|x64 = Debug|x64
		Debug|x86 = Debug|x86
		Release|Any CPU = Release|Any CPU
		Release|x64 = Release|x64
		Release|x86 = Release|x86
	EndGlobalSection
	GlobalSection(ProjectConfigurationPlatforms) = postSolution
		{3E7FBC36-1EB9-4909-963A-C083F5D8AB39}.Debug|Any CPU.ActiveCfg = Debug|Any CPU
		{3E7FBC36-1EB9-4909-963A-C083F5D8AB39}.Debug|Any CPU.Build.0 = Debug|Any CPU
		{3E7FBC36-1EB9-4909-963A-C083F5D8AB39}.Debug|x64.ActiveCfg = Debug|Any CPU
		{3E7FBC36-1EB9-4909-963A-C083F5D8AB39}.Debug|x64.Build.0 = Debug|Any CPU
		{3E7FBC36-1EB9-4909-963A-C083F5D8AB39}.Debug|x86.ActiveCfg = Debug|Any CPU
		{3E7FBC36-1EB9-4909-963A-C083F5D8AB39}.Debug|x86.Build.0 = Debug|Any CPU
		{3E7FBC36-1EB9-4909-963A-C083F5D8AB39}.Release|Any CPU.ActiveCfg = Release|Any CPU
		{3E7FBC36-1EB9-4909-963A-C083F5D8AB39}.Release|Any CPU.Build.0 = Release|Any CPU
		{3E7FBC36-1EB9-4909-963A-C083F5D8AB39}.Release|x64.ActiveCfg = Release|Any CPU
		{3E7FBC36-1EB9-4909-963A-C083F5D8AB39}.Release|x64.Build.0 = Release|Any CPU
		{3E7FBC36-1EB9-4909-963A-C083F5D8AB39}.Release|x86.ActiveCfg = Release|Any CPU
		{3E7FBC36-1EB9-4909-963A-C083F5D8AB39}.Release|x86.Build.0 = Release|Any CPU
		{2CEB5F25-59F4-4A77-8C33-20252F93491F}.Debug|Any CPU.ActiveCfg = Debug|Any CPU
		{2CEB5F25-59F4-4A77-8C33-20252F93491F}.Debug|Any CPU.Build.0 = Debug|Any CPU
		{2CEB5F25-59F4-4A77-8C33-20252F93491F}.Debug|x64.ActiveCfg = Debug|Any CPU
		{2CEB5F25-59F4-4A77-8C33-20252F93491F}.Debug|x64.Build.0 = Debug|Any CPU
		{2CEB5F25-59F4-4A77-8C33-20252F93491F}.Debug|x86.ActiveCfg = Debug|Any CPU
		{2CEB5F25-59F4-4A77-8C33-20252F93491F}.Debug|x86.Build.0 = Debug|Any CPU
		{2CEB5F25-59F4-4A77-8C33-20252F93491F}.Release|Any CPU.ActiveCfg = Release|Any CPU
		{2CEB5F25-59F4-4A77-8C33-20252F93491F}.Release|Any CPU.Build.0 = Release|Any CPU
		{2CEB5F25-59F4-4A77-8C33-20252F93491F}.Release|x64.ActiveCfg = Release|Any CPU
		{2CEB5F25-59F4-4A77-8C33-20252F93491F}.Release|x64.Build.0 = Release|Any CPU
		{2CEB5F25-59F4-4A77-8C33-20252F93491F}.Release|x86.ActiveCfg = Release|Any CPU
		{2CEB5F25-59F4-4A77-8C33-20252F93491F}.Release|x86.Build.0 = Release|Any CPU
		{F2AFD27D-4643-4646-87DA-ABB99175E00D}.Debug|Any CPU.ActiveCfg = Debug|Any CPU
		{F2AFD27D-4643-4646-87DA-ABB99175E00D}.Debug|Any CPU.Build.0 = Debug|Any CPU
		{F2AFD27D-4643-4646-87DA-ABB99175E00D}.Debug|x64.ActiveCfg = Debug|Any CPU
		{F2AFD27D-4643-4646-87DA-ABB99175E00D}.Debug|x64.Build.0 = Debug|Any CPU
		{F2AFD27D-4643-4646-87DA-ABB99175E00D}.Debug|x86.ActiveCfg = Debug|Any CPU
		{F2AFD27D-4643-4646-87DA-ABB99175E00D}.Debug|x86.Build.0 = Debug|Any CPU
		{F2AFD27D-4643-4646-87DA-ABB99175E00D}.Release|Any CPU.ActiveCfg = Release|Any CPU
		{F2AFD27D-4643-4646-87DA-ABB99175E00D}.Release|Any CPU.Build.0 = Release|Any CPU
		{F2AFD27D-4643-4646-87DA-ABB99175E00D}.Release|x64.ActiveCfg = Release|Any CPU
		{F2AFD27D-4643-4646-87DA-ABB99175E00D}.Release|x64.Build.0 = Release|Any CPU
		{F2AFD27D-4643-4646-87DA-ABB99175E00D}.Release|x86.ActiveCfg = Release|Any CPU
		{F2AFD27D-4643-4646-87DA-ABB99175E00D}.Release|x86.Build.0 = Release|Any CPU
		{5051C4B5-6119-41F3-9DBF-5BB15501B40B}.Debug|Any CPU.ActiveCfg = Debug|Any CPU
		{5051C4B5-6119-41F3-9DBF-5BB15501B40B}.Debug|Any CPU.Build.0 = Debug|Any CPU
		{5051C4B5-6119-41F3-9DBF-5BB15501B40B}.Debug|x64.ActiveCfg = Debug|Any CPU
		{5051C4B5-6119-41F3-9DBF-5BB15501B40B}.Debug|x64.Build.0 = Debug|Any CPU
		{5051C4B5-6119-41F3-9DBF-5BB15501B40B}.Debug|x86.ActiveCfg = Debug|Any CPU
		{5051C4B5-6119-41F3-9DBF-5BB15501B40B}.Debug|x86.Build.0 = Debug|Any CPU
		{5051C4B5-6119-41F3-9DBF-5BB15501B40B}.Release|Any CPU.ActiveCfg = Release|Any CPU
		{5051C4B5-6119-41F3-9DBF-5BB15501B40B}.Release|Any CPU.Build.0 = Release|Any CPU
		{5051C4B5-6119-41F3-9DBF-5BB15501B40B}.Release|x64.ActiveCfg = Release|Any CPU
		{5051C4B5-6119-41F3-9DBF-5BB15501B40B}.Release|x64.Build.0 = Release|Any CPU
		{5051C4B5-6119-41F3-9DBF-5BB15501B40B}.Release|x86.ActiveCfg = Release|Any CPU
		{5051C4B5-6119-41F3-9DBF-5BB15501B40B}.Release|x86.Build.0 = Release|Any CPU
		{961103C0-48C8-47BE-90C1-167A38D15639}.Debug|Any CPU.ActiveCfg = Debug|Any CPU
		{961103C0-48C8-47BE-90C1-167A38D15639}.Debug|Any CPU.Build.0 = Debug|Any CPU
		{961103C0-48C8-47BE-90C1-167A38D15639}.Debug|x64.ActiveCfg = Debug|Any CPU
		{961103C0-48C8-47BE-90C1-167A38D15639}.Debug|x64.Build.0 = Debug|Any CPU
		{961103C0-48C8-47BE-90C1-167A38D15639}.Debug|x86.ActiveCfg = Debug|Any CPU
		{961103C0-48C8-47BE-90C1-167A38D15639}.Debug|x86.Build.0 = Debug|Any CPU
		{961103C0-48C8-47BE-90C1-167A38D15639}.Release|Any CPU.ActiveCfg = Release|Any CPU
		{961103C0-48C8-47BE-90C1-167A38D15639}.Release|Any CPU.Build.0 = Release|Any CPU
		{961103C0-48C8-47BE-90C1-167A38D15639}.Release|x64.ActiveCfg = Release|Any CPU
		{961103C0-48C8-47BE-90C1-167A38D15639}.Release|x64.Build.0 = Release|Any CPU
		{961103C0-48C8-47BE-90C1-167A38D15639}.Release|x86.ActiveCfg = Release|Any CPU
		{961103C0-48C8-47BE-90C1-167A38D15639}.Release|x86.Build.0 = Release|Any CPU
		{F380B05C-C188-44C7-A7DF-5511E1B9CD82}.Debug|Any CPU.ActiveCfg = Debug|Any CPU
		{F380B05C-C188-44C7-A7DF-5511E1B9CD82}.Debug|Any CPU.Build.0 = Debug|Any CPU
		{F380B05C-C188-44C7-A7DF-5511E1B9CD82}.Debug|x64.ActiveCfg = Debug|Any CPU
		{F380B05C-C188-44C7-A7DF-5511E1B9CD82}.Debug|x64.Build.0 = Debug|Any CPU
		{F380B05C-C188-44C7-A7DF-5511E1B9CD82}.Debug|x86.ActiveCfg = Debug|Any CPU
		{F380B05C-C188-44C7-A7DF-5511E1B9CD82}.Debug|x86.Build.0 = Debug|Any CPU
		{F380B05C-C188-44C7-A7DF-5511E1B9CD82}.Release|Any CPU.ActiveCfg = Release|Any CPU
		{F380B05C-C188-44C7-A7DF-5511E1B9CD82}.Release|Any CPU.Build.0 = Release|Any CPU
		{F380B05C-C188-44C7-A7DF-5511E1B9CD82}.Release|x64.ActiveCfg = Release|Any CPU
		{F380B05C-C188-44C7-A7DF-5511E1B9CD82}.Release|x64.Build.0 = Release|Any CPU
		{F380B05C-C188-44C7-A7DF-5511E1B9CD82}.Release|x86.ActiveCfg = Release|Any CPU
		{F380B05C-C188-44C7-A7DF-5511E1B9CD82}.Release|x86.Build.0 = Release|Any CPU
		{4F1FA63A-EC02-4D1B-835B-148843D42DDE}.Debug|Any CPU.ActiveCfg = Debug|Any CPU
		{4F1FA63A-EC02-4D1B-835B-148843D42DDE}.Debug|Any CPU.Build.0 = Debug|Any CPU
		{4F1FA63A-EC02-4D1B-835B-148843D42DDE}.Debug|x64.ActiveCfg = Debug|Any CPU
		{4F1FA63A-EC02-4D1B-835B-148843D42DDE}.Debug|x64.Build.0 = Debug|Any CPU
		{4F1FA63A-EC02-4D1B-835B-148843D42DDE}.Debug|x86.ActiveCfg = Debug|Any CPU
		{4F1FA63A-EC02-4D1B-835B-148843D42DDE}.Debug|x86.Build.0 = Debug|Any CPU
		{4F1FA63A-EC02-4D1B-835B-148843D42DDE}.Release|Any CPU.ActiveCfg = Release|Any CPU
		{4F1FA63A-EC02-4D1B-835B-148843D42DDE}.Release|Any CPU.Build.0 = Release|Any CPU
		{4F1FA63A-EC02-4D1B-835B-148843D42DDE}.Release|x64.ActiveCfg = Release|Any CPU
		{4F1FA63A-EC02-4D1B-835B-148843D42DDE}.Release|x64.Build.0 = Release|Any CPU
		{4F1FA63A-EC02-4D1B-835B-148843D42DDE}.Release|x86.ActiveCfg = Release|Any CPU
		{4F1FA63A-EC02-4D1B-835B-148843D42DDE}.Release|x86.Build.0 = Release|Any CPU
		{E5C3E362-05C4-4EDA-B058-C6F3DAEEE500}.Debug|Any CPU.ActiveCfg = Debug|Any CPU
		{E5C3E362-05C4-4EDA-B058-C6F3DAEEE500}.Debug|Any CPU.Build.0 = Debug|Any CPU
		{E5C3E362-05C4-4EDA-B058-C6F3DAEEE500}.Debug|x64.ActiveCfg = Debug|Any CPU
		{E5C3E362-05C4-4EDA-B058-C6F3DAEEE500}.Debug|x64.Build.0 = Debug|Any CPU
		{E5C3E362-05C4-4EDA-B058-C6F3DAEEE500}.Debug|x86.ActiveCfg = Debug|Any CPU
		{E5C3E362-05C4-4EDA-B058-C6F3DAEEE500}.Debug|x86.Build.0 = Debug|Any CPU
		{E5C3E362-05C4-4EDA-B058-C6F3DAEEE500}.Release|Any CPU.ActiveCfg = Release|Any CPU
		{E5C3E362-05C4-4EDA-B058-C6F3DAEEE500}.Release|Any CPU.Build.0 = Release|Any CPU
		{E5C3E362-05C4-4EDA-B058-C6F3DAEEE500}.Release|x64.ActiveCfg = Release|Any CPU
		{E5C3E362-05C4-4EDA-B058-C6F3DAEEE500}.Release|x64.Build.0 = Release|Any CPU
		{E5C3E362-05C4-4EDA-B058-C6F3DAEEE500}.Release|x86.ActiveCfg = Release|Any CPU
		{E5C3E362-05C4-4EDA-B058-C6F3DAEEE500}.Release|x86.Build.0 = Release|Any CPU
		{F3F3E77F-0D8F-4578-B082-B6A9D4E43CB9}.Debug|Any CPU.ActiveCfg = Debug|Any CPU
		{F3F3E77F-0D8F-4578-B082-B6A9D4E43CB9}.Debug|Any CPU.Build.0 = Debug|Any CPU
		{F3F3E77F-0D8F-4578-B082-B6A9D4E43CB9}.Debug|x64.ActiveCfg = Debug|Any CPU
		{F3F3E77F-0D8F-4578-B082-B6A9D4E43CB9}.Debug|x64.Build.0 = Debug|Any CPU
		{F3F3E77F-0D8F-4578-B082-B6A9D4E43CB9}.Debug|x86.ActiveCfg = Debug|Any CPU
		{F3F3E77F-0D8F-4578-B082-B6A9D4E43CB9}.Debug|x86.Build.0 = Debug|Any CPU
		{F3F3E77F-0D8F-4578-B082-B6A9D4E43CB9}.Release|Any CPU.ActiveCfg = Release|Any CPU
		{F3F3E77F-0D8F-4578-B082-B6A9D4E43CB9}.Release|Any CPU.Build.0 = Release|Any CPU
		{F3F3E77F-0D8F-4578-B082-B6A9D4E43CB9}.Release|x64.ActiveCfg = Release|Any CPU
		{F3F3E77F-0D8F-4578-B082-B6A9D4E43CB9}.Release|x64.Build.0 = Release|Any CPU
		{F3F3E77F-0D8F-4578-B082-B6A9D4E43CB9}.Release|x86.ActiveCfg = Release|Any CPU
		{F3F3E77F-0D8F-4578-B082-B6A9D4E43CB9}.Release|x86.Build.0 = Release|Any CPU
		{9DC4C825-4A40-449A-8D0F-58CE5675F9C9}.Debug|Any CPU.ActiveCfg = Debug|Any CPU
		{9DC4C825-4A40-449A-8D0F-58CE5675F9C9}.Debug|Any CPU.Build.0 = Debug|Any CPU
		{9DC4C825-4A40-449A-8D0F-58CE5675F9C9}.Debug|x64.ActiveCfg = Debug|Any CPU
		{9DC4C825-4A40-449A-8D0F-58CE5675F9C9}.Debug|x64.Build.0 = Debug|Any CPU
		{9DC4C825-4A40-449A-8D0F-58CE5675F9C9}.Debug|x86.ActiveCfg = Debug|Any CPU
		{9DC4C825-4A40-449A-8D0F-58CE5675F9C9}.Debug|x86.Build.0 = Debug|Any CPU
		{9DC4C825-4A40-449A-8D0F-58CE5675F9C9}.Release|Any CPU.ActiveCfg = Release|Any CPU
		{9DC4C825-4A40-449A-8D0F-58CE5675F9C9}.Release|Any CPU.Build.0 = Release|Any CPU
		{9DC4C825-4A40-449A-8D0F-58CE5675F9C9}.Release|x64.ActiveCfg = Release|Any CPU
		{9DC4C825-4A40-449A-8D0F-58CE5675F9C9}.Release|x64.Build.0 = Release|Any CPU
		{9DC4C825-4A40-449A-8D0F-58CE5675F9C9}.Release|x86.ActiveCfg = Release|Any CPU
		{9DC4C825-4A40-449A-8D0F-58CE5675F9C9}.Release|x86.Build.0 = Release|Any CPU
		{63E28B63-B60C-4EB7-9D55-A49C5BD0C3E6}.Debug|Any CPU.ActiveCfg = Debug|Any CPU
		{63E28B63-B60C-4EB7-9D55-A49C5BD0C3E6}.Debug|Any CPU.Build.0 = Debug|Any CPU
		{63E28B63-B60C-4EB7-9D55-A49C5BD0C3E6}.Debug|x64.ActiveCfg = Debug|Any CPU
		{63E28B63-B60C-4EB7-9D55-A49C5BD0C3E6}.Debug|x64.Build.0 = Debug|Any CPU
		{63E28B63-B60C-4EB7-9D55-A49C5BD0C3E6}.Debug|x86.ActiveCfg = Debug|Any CPU
		{63E28B63-B60C-4EB7-9D55-A49C5BD0C3E6}.Debug|x86.Build.0 = Debug|Any CPU
		{63E28B63-B60C-4EB7-9D55-A49C5BD0C3E6}.Release|Any CPU.ActiveCfg = Release|Any CPU
		{63E28B63-B60C-4EB7-9D55-A49C5BD0C3E6}.Release|Any CPU.Build.0 = Release|Any CPU
		{63E28B63-B60C-4EB7-9D55-A49C5BD0C3E6}.Release|x64.ActiveCfg = Release|Any CPU
		{63E28B63-B60C-4EB7-9D55-A49C5BD0C3E6}.Release|x64.Build.0 = Release|Any CPU
		{63E28B63-B60C-4EB7-9D55-A49C5BD0C3E6}.Release|x86.ActiveCfg = Release|Any CPU
		{63E28B63-B60C-4EB7-9D55-A49C5BD0C3E6}.Release|x86.Build.0 = Release|Any CPU
		{1726C3F5-8A17-44A3-B888-32A84D72B6AB}.Debug|Any CPU.ActiveCfg = Debug|Any CPU
		{1726C3F5-8A17-44A3-B888-32A84D72B6AB}.Debug|Any CPU.Build.0 = Debug|Any CPU
		{1726C3F5-8A17-44A3-B888-32A84D72B6AB}.Debug|x64.ActiveCfg = Debug|Any CPU
		{1726C3F5-8A17-44A3-B888-32A84D72B6AB}.Debug|x64.Build.0 = Debug|Any CPU
		{1726C3F5-8A17-44A3-B888-32A84D72B6AB}.Debug|x86.ActiveCfg = Debug|Any CPU
		{1726C3F5-8A17-44A3-B888-32A84D72B6AB}.Debug|x86.Build.0 = Debug|Any CPU
		{1726C3F5-8A17-44A3-B888-32A84D72B6AB}.Release|Any CPU.ActiveCfg = Release|Any CPU
		{1726C3F5-8A17-44A3-B888-32A84D72B6AB}.Release|Any CPU.Build.0 = Release|Any CPU
		{1726C3F5-8A17-44A3-B888-32A84D72B6AB}.Release|x64.ActiveCfg = Release|Any CPU
		{1726C3F5-8A17-44A3-B888-32A84D72B6AB}.Release|x64.Build.0 = Release|Any CPU
		{1726C3F5-8A17-44A3-B888-32A84D72B6AB}.Release|x86.ActiveCfg = Release|Any CPU
		{1726C3F5-8A17-44A3-B888-32A84D72B6AB}.Release|x86.Build.0 = Release|Any CPU
		{70A5F050-CE95-4319-B13E-8B45B868E686}.Debug|Any CPU.ActiveCfg = Debug|Any CPU
		{70A5F050-CE95-4319-B13E-8B45B868E686}.Debug|Any CPU.Build.0 = Debug|Any CPU
		{70A5F050-CE95-4319-B13E-8B45B868E686}.Debug|x64.ActiveCfg = Debug|Any CPU
		{70A5F050-CE95-4319-B13E-8B45B868E686}.Debug|x64.Build.0 = Debug|Any CPU
		{70A5F050-CE95-4319-B13E-8B45B868E686}.Debug|x86.ActiveCfg = Debug|Any CPU
		{70A5F050-CE95-4319-B13E-8B45B868E686}.Debug|x86.Build.0 = Debug|Any CPU
		{70A5F050-CE95-4319-B13E-8B45B868E686}.Release|Any CPU.ActiveCfg = Release|Any CPU
		{70A5F050-CE95-4319-B13E-8B45B868E686}.Release|Any CPU.Build.0 = Release|Any CPU
		{70A5F050-CE95-4319-B13E-8B45B868E686}.Release|x64.ActiveCfg = Release|Any CPU
		{70A5F050-CE95-4319-B13E-8B45B868E686}.Release|x64.Build.0 = Release|Any CPU
		{70A5F050-CE95-4319-B13E-8B45B868E686}.Release|x86.ActiveCfg = Release|Any CPU
		{70A5F050-CE95-4319-B13E-8B45B868E686}.Release|x86.Build.0 = Release|Any CPU
		{33F3D682-499F-48C3-94FC-58CF67F068EA}.Debug|Any CPU.ActiveCfg = Debug|Any CPU
		{33F3D682-499F-48C3-94FC-58CF67F068EA}.Debug|Any CPU.Build.0 = Debug|Any CPU
		{33F3D682-499F-48C3-94FC-58CF67F068EA}.Debug|x64.ActiveCfg = Debug|Any CPU
		{33F3D682-499F-48C3-94FC-58CF67F068EA}.Debug|x64.Build.0 = Debug|Any CPU
		{33F3D682-499F-48C3-94FC-58CF67F068EA}.Debug|x86.ActiveCfg = Debug|Any CPU
		{33F3D682-499F-48C3-94FC-58CF67F068EA}.Debug|x86.Build.0 = Debug|Any CPU
		{33F3D682-499F-48C3-94FC-58CF67F068EA}.Release|Any CPU.ActiveCfg = Release|Any CPU
		{33F3D682-499F-48C3-94FC-58CF67F068EA}.Release|Any CPU.Build.0 = Release|Any CPU
		{33F3D682-499F-48C3-94FC-58CF67F068EA}.Release|x64.ActiveCfg = Release|Any CPU
		{33F3D682-499F-48C3-94FC-58CF67F068EA}.Release|x64.Build.0 = Release|Any CPU
		{33F3D682-499F-48C3-94FC-58CF67F068EA}.Release|x86.ActiveCfg = Release|Any CPU
		{33F3D682-499F-48C3-94FC-58CF67F068EA}.Release|x86.Build.0 = Release|Any CPU
		{A3EB7386-AC61-4FF6-A246-9B2DB386C1BB}.Debug|Any CPU.ActiveCfg = Debug|Any CPU
		{A3EB7386-AC61-4FF6-A246-9B2DB386C1BB}.Debug|Any CPU.Build.0 = Debug|Any CPU
		{A3EB7386-AC61-4FF6-A246-9B2DB386C1BB}.Debug|x64.ActiveCfg = Debug|Any CPU
		{A3EB7386-AC61-4FF6-A246-9B2DB386C1BB}.Debug|x64.Build.0 = Debug|Any CPU
		{A3EB7386-AC61-4FF6-A246-9B2DB386C1BB}.Debug|x86.ActiveCfg = Debug|Any CPU
		{A3EB7386-AC61-4FF6-A246-9B2DB386C1BB}.Debug|x86.Build.0 = Debug|Any CPU
		{A3EB7386-AC61-4FF6-A246-9B2DB386C1BB}.Release|Any CPU.ActiveCfg = Release|Any CPU
		{A3EB7386-AC61-4FF6-A246-9B2DB386C1BB}.Release|Any CPU.Build.0 = Release|Any CPU
		{A3EB7386-AC61-4FF6-A246-9B2DB386C1BB}.Release|x64.ActiveCfg = Release|Any CPU
		{A3EB7386-AC61-4FF6-A246-9B2DB386C1BB}.Release|x64.Build.0 = Release|Any CPU
		{A3EB7386-AC61-4FF6-A246-9B2DB386C1BB}.Release|x86.ActiveCfg = Release|Any CPU
		{A3EB7386-AC61-4FF6-A246-9B2DB386C1BB}.Release|x86.Build.0 = Release|Any CPU
		{2CCE3DFA-9787-4DC0-A405-98422367F9D5}.Debug|Any CPU.ActiveCfg = Debug|Any CPU
		{2CCE3DFA-9787-4DC0-A405-98422367F9D5}.Debug|Any CPU.Build.0 = Debug|Any CPU
		{2CCE3DFA-9787-4DC0-A405-98422367F9D5}.Debug|x64.ActiveCfg = Debug|Any CPU
		{2CCE3DFA-9787-4DC0-A405-98422367F9D5}.Debug|x64.Build.0 = Debug|Any CPU
		{2CCE3DFA-9787-4DC0-A405-98422367F9D5}.Debug|x86.ActiveCfg = Debug|Any CPU
		{2CCE3DFA-9787-4DC0-A405-98422367F9D5}.Debug|x86.Build.0 = Debug|Any CPU
		{2CCE3DFA-9787-4DC0-A405-98422367F9D5}.Release|Any CPU.ActiveCfg = Release|Any CPU
		{2CCE3DFA-9787-4DC0-A405-98422367F9D5}.Release|Any CPU.Build.0 = Release|Any CPU
		{2CCE3DFA-9787-4DC0-A405-98422367F9D5}.Release|x64.ActiveCfg = Release|Any CPU
		{2CCE3DFA-9787-4DC0-A405-98422367F9D5}.Release|x64.Build.0 = Release|Any CPU
		{2CCE3DFA-9787-4DC0-A405-98422367F9D5}.Release|x86.ActiveCfg = Release|Any CPU
		{2CCE3DFA-9787-4DC0-A405-98422367F9D5}.Release|x86.Build.0 = Release|Any CPU
		{83736DBF-16DD-4457-91AB-2860B12BCBBE}.Debug|Any CPU.ActiveCfg = Debug|Any CPU
		{83736DBF-16DD-4457-91AB-2860B12BCBBE}.Debug|Any CPU.Build.0 = Debug|Any CPU
		{83736DBF-16DD-4457-91AB-2860B12BCBBE}.Debug|x64.ActiveCfg = Debug|Any CPU
		{83736DBF-16DD-4457-91AB-2860B12BCBBE}.Debug|x64.Build.0 = Debug|Any CPU
		{83736DBF-16DD-4457-91AB-2860B12BCBBE}.Debug|x86.ActiveCfg = Debug|Any CPU
		{83736DBF-16DD-4457-91AB-2860B12BCBBE}.Debug|x86.Build.0 = Debug|Any CPU
		{83736DBF-16DD-4457-91AB-2860B12BCBBE}.Release|Any CPU.ActiveCfg = Release|Any CPU
		{83736DBF-16DD-4457-91AB-2860B12BCBBE}.Release|Any CPU.Build.0 = Release|Any CPU
		{83736DBF-16DD-4457-91AB-2860B12BCBBE}.Release|x64.ActiveCfg = Release|Any CPU
		{83736DBF-16DD-4457-91AB-2860B12BCBBE}.Release|x64.Build.0 = Release|Any CPU
		{83736DBF-16DD-4457-91AB-2860B12BCBBE}.Release|x86.ActiveCfg = Release|Any CPU
		{83736DBF-16DD-4457-91AB-2860B12BCBBE}.Release|x86.Build.0 = Release|Any CPU
	EndGlobalSection
	GlobalSection(SolutionProperties) = preSolution
		HideSolutionNode = FALSE
	EndGlobalSection
	GlobalSection(NestedProjects) = preSolution
		{3E7FBC36-1EB9-4909-963A-C083F5D8AB39} = {827E0CD3-B72D-47B6-A68D-7590B98EB39B}
		{576DC559-EDA5-3993-5788-E991EF631C57} = {908A2AE8-7277-8D33-5900-B70622523C2F}
		{2CEB5F25-59F4-4A77-8C33-20252F93491F} = {576DC559-EDA5-3993-5788-E991EF631C57}
		{1CB6CF2D-B71E-657E-C3E2-AFBF8920E74C} = {908A2AE8-7277-8D33-5900-B70622523C2F}
		{F2AFD27D-4643-4646-87DA-ABB99175E00D} = {1CB6CF2D-B71E-657E-C3E2-AFBF8920E74C}
		{22851B21-09C2-AE5E-FADA-8CBE5E619862} = {908A2AE8-7277-8D33-5900-B70622523C2F}
		{5051C4B5-6119-41F3-9DBF-5BB15501B40B} = {22851B21-09C2-AE5E-FADA-8CBE5E619862}
		{EE69A98B-3A98-4833-49CE-E687E5A0843A} = {908A2AE8-7277-8D33-5900-B70622523C2F}
		{961103C0-48C8-47BE-90C1-167A38D15639} = {EE69A98B-3A98-4833-49CE-E687E5A0843A}
		{1503BA62-2A14-D92E-1F03-2054A0DD685E} = {908A2AE8-7277-8D33-5900-B70622523C2F}
		{F380B05C-C188-44C7-A7DF-5511E1B9CD82} = {1503BA62-2A14-D92E-1F03-2054A0DD685E}
		{668517B8-68CB-B109-7199-A2941A5356C8} = {908A2AE8-7277-8D33-5900-B70622523C2F}
		{4F1FA63A-EC02-4D1B-835B-148843D42DDE} = {668517B8-68CB-B109-7199-A2941A5356C8}
		{DB6EECE9-3F6B-D9DC-1C7F-55B4D57B3D56} = {908A2AE8-7277-8D33-5900-B70622523C2F}
		{E5C3E362-05C4-4EDA-B058-C6F3DAEEE500} = {DB6EECE9-3F6B-D9DC-1C7F-55B4D57B3D56}
		{3665D8D6-1C5F-ACD6-E74A-714362DF34FC} = {908A2AE8-7277-8D33-5900-B70622523C2F}
		{F3F3E77F-0D8F-4578-B082-B6A9D4E43CB9} = {3665D8D6-1C5F-ACD6-E74A-714362DF34FC}
		{3A1B44C2-52BD-E4C4-2FC7-A21D1A40EB76} = {908A2AE8-7277-8D33-5900-B70622523C2F}
		{9DC4C825-4A40-449A-8D0F-58CE5675F9C9} = {3A1B44C2-52BD-E4C4-2FC7-A21D1A40EB76}
		{FFC73069-1485-9257-CFF5-0FC0B68082F2} = {908A2AE8-7277-8D33-5900-B70622523C2F}
		{63E28B63-B60C-4EB7-9D55-A49C5BD0C3E6} = {FFC73069-1485-9257-CFF5-0FC0B68082F2}
		{9662457E-6248-34E2-2F24-3B91ECA0CFEB} = {908A2AE8-7277-8D33-5900-B70622523C2F}
		{1726C3F5-8A17-44A3-B888-32A84D72B6AB} = {9662457E-6248-34E2-2F24-3B91ECA0CFEB}
		{F9114576-5C93-6793-7325-840970211120} = {908A2AE8-7277-8D33-5900-B70622523C2F}
		{70A5F050-CE95-4319-B13E-8B45B868E686} = {F9114576-5C93-6793-7325-840970211120}
		{AEC358DC-8F6B-5BA6-158B-A2E5B05C0274} = {908A2AE8-7277-8D33-5900-B70622523C2F}
		{33F3D682-499F-48C3-94FC-58CF67F068EA} = {AEC358DC-8F6B-5BA6-158B-A2E5B05C0274}
		{5CDC27C4-FCB9-8993-846B-26A95C8DAC6A} = {908A2AE8-7277-8D33-5900-B70622523C2F}
		{A3EB7386-AC61-4FF6-A246-9B2DB386C1BB} = {5CDC27C4-FCB9-8993-846B-26A95C8DAC6A}
		{323E6AA8-8303-5FC8-0DE6-22B696CD0854} = {908A2AE8-7277-8D33-5900-B70622523C2F}
		{2CCE3DFA-9787-4DC0-A405-98422367F9D5} = {323E6AA8-8303-5FC8-0DE6-22B696CD0854}
		{A8116055-3221-E1F4-1F47-46A17D5C3238} = {908A2AE8-7277-8D33-5900-B70622523C2F}
		{83736DBF-16DD-4457-91AB-2860B12BCBBE} = {A8116055-3221-E1F4-1F47-46A17D5C3238}
	EndGlobalSection
EndGlobal
